{
    "_readme": [
        "This file locks the dependencies of your project to a known state",
        "Read more about it at https://getcomposer.org/doc/01-basic-usage.md#installing-dependencies",
        "This file is @generated automatically"
    ],
    "content-hash": "f64ceca6de3ee84e39748c09e74000c7",
    "packages": [
        {
            "name": "htmlburger/carbon-fields",
            "version": "dev-master",
            "source": {
                "type": "git",
                "url": "https://github.com/htmlburger/carbon-fields.git",
                "reference": "0688b493efcf97aab9f540d399813e1392fe30cd"
            },
            "dist": {
                "type": "zip",
                "url": "https://api.github.com/repos/htmlburger/carbon-fields/zipball/0688b493efcf97aab9f540d399813e1392fe30cd",
                "reference": "0688b493efcf97aab9f540d399813e1392fe30cd",
                "shasum": ""
            },
            "require": {
                "php": ">=5.3"
            },
            "require-dev": {
                "mockery/mockery": "^0.9.7",
                "phpunit/phpunit": "~4.8"
            },
            "type": "library",
            "autoload": {
                "psr-4": {
                    "Carbon_Fields\\": "core/"
                }
            },
            "notification-url": "https://packagist.org/downloads/",
            "license": [
                "GPL-2.0-only"
            ],
            "authors": [
                {
                    "name": "htmlBurger",
                    "email": "wordpress@htmlburger.com",
                    "homepage": "https://htmlburger.com/",
                    "role": "Developer"
                },
                {
                    "name": "Miroslav Mitev",
                    "email": "mmitev.2create@gmail.com",
                    "role": "Developer"
                },
                {
                    "name": "Atanas Angelov",
                    "email": "atanas.angelov.dev@gmail.com",
                    "role": "Developer"
                },
                {
                    "name": "Georgi Stoyanov",
                    "email": "stoyanov.gs@gmail.com",
                    "role": "Developer"
                },
                {
                    "name": "Plamen Kostadinov",
                    "email": "pkostadinov.2create@gmail.com",
                    "homepage": "http://plasmen.info/",
                    "role": "Developer"
                },
                {
                    "name": "Stanimir Panchev",
                    "email": "Stan4omir@gmail.com",
                    "role": "Developer"
                },
                {
                    "name": "Marin Atanasov",
                    "email": "contact@marinatanasov.com",
                    "homepage": "http://marinatanasov.com/",
                    "role": "Developer"
                },
                {
                    "name": "Siyan Panayotov",
                    "homepage": "http://siyanpanayotov.com/",
                    "role": "Developer"
                },
                {
                    "name": "Peter Petrov",
                    "email": "peter.petrov89@gmail.com",
                    "role": "Developer"
                },
                {
                    "name": "Stanimir Stoyanov",
                    "email": "stanimir.k.stoyanov@gmail.com",
                    "role": "Developer"
                },
                {
                    "name": "Kaloyan Ivanov",
                    "email": "kaloyanxivanov@gmail.com",
                    "homepage": "http://vilepixels.com/",
                    "role": "Developer"
                },
                {
                    "name": "Georgi Popov",
                    "homepage": "http://magadanski.com/",
                    "role": "Developer"
                },
                {
                    "name": "German Velchev",
                    "email": "germozy@gmail.com",
                    "role": "Developer"
                },
                {
                    "name": "Rashko Petrov",
                    "email": "brutalenemy666@gmail.com",
                    "homepage": "http://errorfactory.com/",
                    "role": "Developer"
                },
                {
                    "name": "Alexander Panayotov",
                    "email": "alexander.panayotov@gmail.com",
                    "homepage": "http://alexanderpanayotov.com/",
                    "role": "Developer"
                },
                {
                    "name": "Viktor Vasilev",
                    "email": "liberalcho@gmail.com",
                    "role": "Developer"
                },
                {
                    "name": "Georgi Georgiev",
                    "email": "george.georgiev96@gmail.com",
                    "role": "Developer"
                },
                {
                    "name": "Atanas Vasilev",
                    "email": "atanasvasilev91@gmail.com",
                    "role": "Developer"
                }
            ],
            "description": "WordPress developer-friendly custom fields for post types, taxonomy terms, users, comments, widgets, options and more.",
            "homepage": "http://carbonfields.net/",
            "time": "2020-05-18T09:54:56+00:00"
        },
        {
            "name": "phpmailer/phpmailer",
            "version": "dev-master",
            "source": {
                "type": "git",
                "url": "https://github.com/PHPMailer/PHPMailer.git",
                "reference": "5ba587f4ac08e03243b9d0634dfd9305f440b085"
            },
            "dist": {
                "type": "zip",
                "url": "https://api.github.com/repos/PHPMailer/PHPMailer/zipball/5ba587f4ac08e03243b9d0634dfd9305f440b085",
                "reference": "5ba587f4ac08e03243b9d0634dfd9305f440b085",
                "shasum": ""
            },
            "require": {
                "ext-ctype": "*",
                "ext-filter": "*",
                "ext-hash": "*",
                "php": ">=5.5.0"
            },
            "require-dev": {
                "dealerdirect/phpcodesniffer-composer-installer": "^0.7.0",
                "doctrine/annotations": "^1.2",
                "phpcompatibility/php-compatibility": "9.3.5",
                "phpunit/phpunit": "^4.8 || ^5.7",
                "roave/security-advisories": "dev-latest",
                "squizlabs/php_codesniffer": "3.5.6"
            },
            "suggest": {
                "ext-mbstring": "Needed to send email in multibyte encoding charset",
                "hayageek/oauth2-yahoo": "Needed for Yahoo XOAUTH2 authentication",
                "league/oauth2-google": "Needed for Google XOAUTH2 authentication",
                "psr/log": "For optional PSR-3 debug logging",
                "stevenmaguire/oauth2-microsoft": "Needed for Microsoft XOAUTH2 authentication",
                "symfony/polyfill-mbstring": "To support UTF-8 if the Mbstring PHP extension is not enabled (^1.2)"
            },
            "type": "library",
            "autoload": {
                "psr-4": {
                    "PHPMailer\\PHPMailer\\": "src/"
                }
            },
            "notification-url": "https://packagist.org/downloads/",
            "license": [
                "LGPL-2.1-only"
            ],
            "authors": [
                {
                    "name": "Marcus Bointon",
                    "email": "phpmailer@synchromedia.co.uk"
                },
                {
                    "name": "Jim Jagielski",
                    "email": "jimjag@gmail.com"
                },
                {
                    "name": "Andy Prevost",
                    "email": "codeworxtech@users.sourceforge.net"
                },
                {
                    "name": "Brent R. Matzelle"
                }
            ],
            "description": "PHPMailer is a full-featured email creation and transfer class for PHP",
            "funding": [
                {
                    "url": "https://github.com/Synchro",
                    "type": "github"
                }
            ],
            "time": "2020-10-18T18:05:47+00:00"
        }
    ],
    "packages-dev": [],
    "aliases": [],
    "minimum-stability": "dev",
    "stability-flags": [],
    "prefer-stable": false,
    "prefer-lowest": false,
    "platform": [],
    "platform-dev": [],
    "plugin-api-version": "1.1.0"
}
